
Microsoft Visual Studio Solution File, Format Version 12.00
# Visual Studio Version 17
VisualStudioVersion = 17.10.35122.118
MinimumVisualStudioVersion = 10.0.40219.1
Project("{9A19103F-16F7-4668-BE54-9A1E7A4F7556}") = "eCommerce.ApiGateway", "eCommerce.ApiGateway\eCommerce.ApiGateway.csproj", "{58B0E753-D1FB-4CD1-9F48-643ACB64ACA7}"
EndProject
Project("{2150E333-8FDC-42A3-9474-1A3956D46DE8}") = "src", "src", "{C3987725-D680-4A3C-B58E-CBD65D9F252C}"
EndProject
Project("{2150E333-8FDC-42A3-9474-1A3956D46DE8}") = "gateway", "gateway", "{1B3B106D-E64D-4CBF-A836-82232F0399EB}"
EndProject
Project("{2150E333-8FDC-42A3-9474-1A3956D46DE8}") = "microservices", "microservices", "{EB606C09-1BC5-4462-91E3-C05A03F95BE9}"
EndProject
Project("{2150E333-8FDC-42A3-9474-1A3956D46DE8}") = "product", "product", "{B8DFB784-EC67-4CE6-8FDD-ABA6CE0E8C58}"
EndProject
Project("{2150E333-8FDC-42A3-9474-1A3956D46DE8}") = "order", "order", "{C06598F2-C1E8-48F4-B632-FD37245292C4}"
EndProject
Project("{9A19103F-16F7-4668-BE54-9A1E7A4F7556}") = "eCommerce.Product.Api", "eCommerce.Product.Api\eCommerce.Product.Api.csproj", "{6720A845-D875-4C8E-A6AC-76B45428AF14}"
EndProject
Project("{9A19103F-16F7-4668-BE54-9A1E7A4F7556}") = "eCommerce.Order.Api", "eCommerce.Order.Api\eCommerce.Order.Api.csproj", "{43D03F7F-B4EF-4348-B0B9-8A2E25B87550}"
	ProjectSection(ProjectDependencies) = postProject
		{BF813D5E-D219-4D74-9023-E7411464E3F2} = {BF813D5E-D219-4D74-9023-E7411464E3F2}
	EndProjectSection
EndProject
Project("{2150E333-8FDC-42A3-9474-1A3956D46DE8}") = "auth", "auth", "{843EEBC8-D6C0-426E-BD0A-69D3F75B706D}"
EndProject
Project("{9A19103F-16F7-4668-BE54-9A1E7A4F7556}") = "eCommerce.Auth.API", "eCommerce.Auth.API\eCommerce.Auth.API.csproj", "{AF53B185-F5F3-43B5-B252-80C707A72420}"
EndProject
Project("{2150E333-8FDC-42A3-9474-1A3956D46DE8}") = "Presentation", "Presentation", "{CDB694B0-549B-4BC8-89E6-2DC1330D40EF}"
EndProject
Project("{2150E333-8FDC-42A3-9474-1A3956D46DE8}") = "Core", "Core", "{4493CC87-0048-44A7-90EE-EA9FDC8FA834}"
EndProject
Project("{9A19103F-16F7-4668-BE54-9A1E7A4F7556}") = "eCommerce.Auth.Application", "eCommerce.Auth.Application\eCommerce.Auth.Application.csproj", "{79A84356-E4B2-498B-867C-53A248732024}"
EndProject
Project("{9A19103F-16F7-4668-BE54-9A1E7A4F7556}") = "eCommerce.Auth.Domain", "eCommerce.Auth.Domain\eCommerce.Auth.Domain.csproj", "{BE0F9987-325E-4A3B-8B87-78C671BD4CFB}"
EndProject
Project("{2150E333-8FDC-42A3-9474-1A3956D46DE8}") = "Infrastructure", "Infrastructure", "{347EC2F3-46D9-450E-B706-A4B939DCB785}"
EndProject
Project("{9A19103F-16F7-4668-BE54-9A1E7A4F7556}") = "eCommerce.Auth.Persistence", "eCommerce.Auth.Persistence\eCommerce.Auth.Persistence.csproj", "{3AB15E0B-7C4A-448C-A408-DDCA3A271427}"
EndProject
Project("{9A19103F-16F7-4668-BE54-9A1E7A4F7556}") = "eCommerce.Auth.Infrastructure", "eCommerce.Auth.Infrastructure\eCommerce.Auth.Infrastructure.csproj", "{007BF822-B93F-4071-BE66-5BBD202C266A}"
EndProject
Project("{2150E333-8FDC-42A3-9474-1A3956D46DE8}") = "Presentation", "Presentation", "{F839A0F2-94F7-475E-8CB2-F58FFADB565E}"
EndProject
Project("{2150E333-8FDC-42A3-9474-1A3956D46DE8}") = "Core", "Core", "{3D2BA145-B7CB-42EA-9716-CA7284AD9223}"
EndProject
Project("{9A19103F-16F7-4668-BE54-9A1E7A4F7556}") = "eCommerce.Product.Domain", "eCommerce.Product.Domain\eCommerce.Product.Domain.csproj", "{6A45F0F6-6135-418A-BD10-603CD8CB09CE}"
EndProject
Project("{2150E333-8FDC-42A3-9474-1A3956D46DE8}") = "Core", "Core", "{F0C3AA6E-2215-4BA2-8ECD-4900C11F88D5}"
EndProject
Project("{9A19103F-16F7-4668-BE54-9A1E7A4F7556}") = "eCommerce.Order.Domain", "eCommerce.Order.Domain\eCommerce.Order.Domain.csproj", "{49763F2E-0C55-497B-9A12-DA6D46F62F06}"
EndProject
Project("{2150E333-8FDC-42A3-9474-1A3956D46DE8}") = "payment", "payment", "{78E3920B-D1A8-4C2C-BF28-383A97818E92}"
EndProject
Project("{9A19103F-16F7-4668-BE54-9A1E7A4F7556}") = "eCommerce.Payment.Domain", "eCommerce.Payment.Domain\eCommerce.Payment.Domain.csproj", "{5DAC66ED-8059-4D6E-AD09-CC7E1E570F0A}"
EndProject
Project("{9A19103F-16F7-4668-BE54-9A1E7A4F7556}") = "eCommerce.Order.Application", "eCommerce.Order.Application\eCommerce.Order.Application.csproj", "{BF813D5E-D219-4D74-9023-E7411464E3F2}"
EndProject
Project("{9A19103F-16F7-4668-BE54-9A1E7A4F7556}") = "eCommerce.Payment.Application", "eCommerce.Payment.Application\eCommerce.Payment.Application.csproj", "{38C93F66-F8F5-40B3-83A4-2E41AC3A0453}"
EndProject
Project("{9A19103F-16F7-4668-BE54-9A1E7A4F7556}") = "eCommerce.Product.Application", "eCommerce.Product.Application\eCommerce.Product.Application.csproj", "{B0EE5A5A-C964-4AB0-B283-31C482D2AE61}"
EndProject
Project("{2150E333-8FDC-42A3-9474-1A3956D46DE8}") = "Infrastructure", "Infrastructure", "{7D20BB0E-905C-4369-B920-1EEDF7ABFC1F}"
EndProject
Project("{9A19103F-16F7-4668-BE54-9A1E7A4F7556}") = "eCommerce.Product.Persistence", "eCommerce.Product.Persistence\eCommerce.Product.Persistence.csproj", "{607D7AB5-8CEA-4A00-A9F0-90338965F4BE}"
EndProject
Global
	GlobalSection(SolutionConfigurationPlatforms) = preSolution
		Debug|Any CPU = Debug|Any CPU
		Release|Any CPU = Release|Any CPU
	EndGlobalSection
	GlobalSection(ProjectConfigurationPlatforms) = postSolution
		{58B0E753-D1FB-4CD1-9F48-643ACB64ACA7}.Debug|Any CPU.ActiveCfg = Debug|Any CPU
		{58B0E753-D1FB-4CD1-9F48-643ACB64ACA7}.Debug|Any CPU.Build.0 = Debug|Any CPU
		{58B0E753-D1FB-4CD1-9F48-643ACB64ACA7}.Release|Any CPU.ActiveCfg = Release|Any CPU
		{58B0E753-D1FB-4CD1-9F48-643ACB64ACA7}.Release|Any CPU.Build.0 = Release|Any CPU
		{6720A845-D875-4C8E-A6AC-76B45428AF14}.Debug|Any CPU.ActiveCfg = Debug|Any CPU
		{6720A845-D875-4C8E-A6AC-76B45428AF14}.Debug|Any CPU.Build.0 = Debug|Any CPU
		{6720A845-D875-4C8E-A6AC-76B45428AF14}.Release|Any CPU.ActiveCfg = Release|Any CPU
		{6720A845-D875-4C8E-A6AC-76B45428AF14}.Release|Any CPU.Build.0 = Release|Any CPU
		{43D03F7F-B4EF-4348-B0B9-8A2E25B87550}.Debug|Any CPU.ActiveCfg = Debug|Any CPU
		{43D03F7F-B4EF-4348-B0B9-8A2E25B87550}.Debug|Any CPU.Build.0 = Debug|Any CPU
		{43D03F7F-B4EF-4348-B0B9-8A2E25B87550}.Release|Any CPU.ActiveCfg = Release|Any CPU
		{43D03F7F-B4EF-4348-B0B9-8A2E25B87550}.Release|Any CPU.Build.0 = Release|Any CPU
		{AF53B185-F5F3-43B5-B252-80C707A72420}.Debug|Any CPU.ActiveCfg = Debug|Any CPU
		{AF53B185-F5F3-43B5-B252-80C707A72420}.Debug|Any CPU.Build.0 = Debug|Any CPU
		{AF53B185-F5F3-43B5-B252-80C707A72420}.Release|Any CPU.ActiveCfg = Release|Any CPU
		{AF53B185-F5F3-43B5-B252-80C707A72420}.Release|Any CPU.Build.0 = Release|Any CPU
		{79A84356-E4B2-498B-867C-53A248732024}.Debug|Any CPU.ActiveCfg = Debug|Any CPU
		{79A84356-E4B2-498B-867C-53A248732024}.Debug|Any CPU.Build.0 = Debug|Any CPU
		{79A84356-E4B2-498B-867C-53A248732024}.Release|Any CPU.ActiveCfg = Release|Any CPU
		{79A84356-E4B2-498B-867C-53A248732024}.Release|Any CPU.Build.0 = Release|Any CPU
		{BE0F9987-325E-4A3B-8B87-78C671BD4CFB}.Debug|Any CPU.ActiveCfg = Debug|Any CPU
		{BE0F9987-325E-4A3B-8B87-78C671BD4CFB}.Debug|Any CPU.Build.0 = Debug|Any CPU
		{BE0F9987-325E-4A3B-8B87-78C671BD4CFB}.Release|Any CPU.ActiveCfg = Release|Any CPU
		{BE0F9987-325E-4A3B-8B87-78C671BD4CFB}.Release|Any CPU.Build.0 = Release|Any CPU
		{3AB15E0B-7C4A-448C-A408-DDCA3A271427}.Debug|Any CPU.ActiveCfg = Debug|Any CPU
		{3AB15E0B-7C4A-448C-A408-DDCA3A271427}.Debug|Any CPU.Build.0 = Debug|Any CPU
		{3AB15E0B-7C4A-448C-A408-DDCA3A271427}.Release|Any CPU.ActiveCfg = Release|Any CPU
		{3AB15E0B-7C4A-448C-A408-DDCA3A271427}.Release|Any CPU.Build.0 = Release|Any CPU
		{007BF822-B93F-4071-BE66-5BBD202C266A}.Debug|Any CPU.ActiveCfg = Debug|Any CPU
		{007BF822-B93F-4071-BE66-5BBD202C266A}.Debug|Any CPU.Build.0 = Debug|Any CPU
		{007BF822-B93F-4071-BE66-5BBD202C266A}.Release|Any CPU.ActiveCfg = Release|Any CPU
		{007BF822-B93F-4071-BE66-5BBD202C266A}.Release|Any CPU.Build.0 = Release|Any CPU
		{6A45F0F6-6135-418A-BD10-603CD8CB09CE}.Debug|Any CPU.ActiveCfg = Debug|Any CPU
		{6A45F0F6-6135-418A-BD10-603CD8CB09CE}.Debug|Any CPU.Build.0 = Debug|Any CPU
		{6A45F0F6-6135-418A-BD10-603CD8CB09CE}.Release|Any CPU.ActiveCfg = Release|Any CPU
		{6A45F0F6-6135-418A-BD10-603CD8CB09CE}.Release|Any CPU.Build.0 = Release|Any CPU
		{49763F2E-0C55-497B-9A12-DA6D46F62F06}.Debug|Any CPU.ActiveCfg = Debug|Any CPU
		{49763F2E-0C55-497B-9A12-DA6D46F62F06}.Debug|Any CPU.Build.0 = Debug|Any CPU
		{49763F2E-0C55-497B-9A12-DA6D46F62F06}.Release|Any CPU.ActiveCfg = Release|Any CPU
		{49763F2E-0C55-497B-9A12-DA6D46F62F06}.Release|Any CPU.Build.0 = Release|Any CPU
		{5DAC66ED-8059-4D6E-AD09-CC7E1E570F0A}.Debug|Any CPU.ActiveCfg = Debug|Any CPU
		{5DAC66ED-8059-4D6E-AD09-CC7E1E570F0A}.Debug|Any CPU.Build.0 = Debug|Any CPU
		{5DAC66ED-8059-4D6E-AD09-CC7E1E570F0A}.Release|Any CPU.ActiveCfg = Release|Any CPU
		{5DAC66ED-8059-4D6E-AD09-CC7E1E570F0A}.Release|Any CPU.Build.0 = Release|Any CPU
		{BF813D5E-D219-4D74-9023-E7411464E3F2}.Debug|Any CPU.ActiveCfg = Debug|Any CPU
		{BF813D5E-D219-4D74-9023-E7411464E3F2}.Debug|Any CPU.Build.0 = Debug|Any CPU
		{BF813D5E-D219-4D74-9023-E7411464E3F2}.Release|Any CPU.ActiveCfg = Release|Any CPU
		{BF813D5E-D219-4D74-9023-E7411464E3F2}.Release|Any CPU.Build.0 = Release|Any CPU
		{38C93F66-F8F5-40B3-83A4-2E41AC3A0453}.Debug|Any CPU.ActiveCfg = Debug|Any CPU
		{38C93F66-F8F5-40B3-83A4-2E41AC3A0453}.Debug|Any CPU.Build.0 = Debug|Any CPU
		{38C93F66-F8F5-40B3-83A4-2E41AC3A0453}.Release|Any CPU.ActiveCfg = Release|Any CPU
		{38C93F66-F8F5-40B3-83A4-2E41AC3A0453}.Release|Any CPU.Build.0 = Release|Any CPU
		{B0EE5A5A-C964-4AB0-B283-31C482D2AE61}.Debug|Any CPU.ActiveCfg = Debug|Any CPU
		{B0EE5A5A-C964-4AB0-B283-31C482D2AE61}.Debug|Any CPU.Build.0 = Debug|Any CPU
		{B0EE5A5A-C964-4AB0-B283-31C482D2AE61}.Release|Any CPU.ActiveCfg = Release|Any CPU
		{B0EE5A5A-C964-4AB0-B283-31C482D2AE61}.Release|Any CPU.Build.0 = Release|Any CPU
		{607D7AB5-8CEA-4A00-A9F0-90338965F4BE}.Debug|Any CPU.ActiveCfg = Debug|Any CPU
		{607D7AB5-8CEA-4A00-A9F0-90338965F4BE}.Debug|Any CPU.Build.0 = Debug|Any CPU
		{607D7AB5-8CEA-4A00-A9F0-90338965F4BE}.Release|Any CPU.ActiveCfg = Release|Any CPU
		{607D7AB5-8CEA-4A00-A9F0-90338965F4BE}.Release|Any CPU.Build.0 = Release|Any CPU
	EndGlobalSection
	GlobalSection(SolutionProperties) = preSolution
		HideSolutionNode = FALSE
	EndGlobalSection
	GlobalSection(NestedProjects) = preSolution
		{58B0E753-D1FB-4CD1-9F48-643ACB64ACA7} = {1B3B106D-E64D-4CBF-A836-82232F0399EB}
		{1B3B106D-E64D-4CBF-A836-82232F0399EB} = {C3987725-D680-4A3C-B58E-CBD65D9F252C}
		{EB606C09-1BC5-4462-91E3-C05A03F95BE9} = {C3987725-D680-4A3C-B58E-CBD65D9F252C}
		{B8DFB784-EC67-4CE6-8FDD-ABA6CE0E8C58} = {EB606C09-1BC5-4462-91E3-C05A03F95BE9}
		{C06598F2-C1E8-48F4-B632-FD37245292C4} = {EB606C09-1BC5-4462-91E3-C05A03F95BE9}
		{6720A845-D875-4C8E-A6AC-76B45428AF14} = {F839A0F2-94F7-475E-8CB2-F58FFADB565E}
		{43D03F7F-B4EF-4348-B0B9-8A2E25B87550} = {C06598F2-C1E8-48F4-B632-FD37245292C4}
		{843EEBC8-D6C0-426E-BD0A-69D3F75B706D} = {EB606C09-1BC5-4462-91E3-C05A03F95BE9}
		{AF53B185-F5F3-43B5-B252-80C707A72420} = {CDB694B0-549B-4BC8-89E6-2DC1330D40EF}
		{CDB694B0-549B-4BC8-89E6-2DC1330D40EF} = {843EEBC8-D6C0-426E-BD0A-69D3F75B706D}
		{4493CC87-0048-44A7-90EE-EA9FDC8FA834} = {843EEBC8-D6C0-426E-BD0A-69D3F75B706D}
		{79A84356-E4B2-498B-867C-53A248732024} = {4493CC87-0048-44A7-90EE-EA9FDC8FA834}
		{BE0F9987-325E-4A3B-8B87-78C671BD4CFB} = {4493CC87-0048-44A7-90EE-EA9FDC8FA834}
		{347EC2F3-46D9-450E-B706-A4B939DCB785} = {843EEBC8-D6C0-426E-BD0A-69D3F75B706D}
		{3AB15E0B-7C4A-448C-A408-DDCA3A271427} = {347EC2F3-46D9-450E-B706-A4B939DCB785}
		{007BF822-B93F-4071-BE66-5BBD202C266A} = {347EC2F3-46D9-450E-B706-A4B939DCB785}
		{F839A0F2-94F7-475E-8CB2-F58FFADB565E} = {B8DFB784-EC67-4CE6-8FDD-ABA6CE0E8C58}
		{3D2BA145-B7CB-42EA-9716-CA7284AD9223} = {B8DFB784-EC67-4CE6-8FDD-ABA6CE0E8C58}
		{6A45F0F6-6135-418A-BD10-603CD8CB09CE} = {3D2BA145-B7CB-42EA-9716-CA7284AD9223}
		{F0C3AA6E-2215-4BA2-8ECD-4900C11F88D5} = {C06598F2-C1E8-48F4-B632-FD37245292C4}
		{49763F2E-0C55-497B-9A12-DA6D46F62F06} = {F0C3AA6E-2215-4BA2-8ECD-4900C11F88D5}
		{78E3920B-D1A8-4C2C-BF28-383A97818E92} = {EB606C09-1BC5-4462-91E3-C05A03F95BE9}
		{5DAC66ED-8059-4D6E-AD09-CC7E1E570F0A} = {78E3920B-D1A8-4C2C-BF28-383A97818E92}
		{BF813D5E-D219-4D74-9023-E7411464E3F2} = {F0C3AA6E-2215-4BA2-8ECD-4900C11F88D5}
		{38C93F66-F8F5-40B3-83A4-2E41AC3A0453} = {78E3920B-D1A8-4C2C-BF28-383A97818E92}
		{B0EE5A5A-C964-4AB0-B283-31C482D2AE61} = {3D2BA145-B7CB-42EA-9716-CA7284AD9223}
		{7D20BB0E-905C-4369-B920-1EEDF7ABFC1F} = {B8DFB784-EC67-4CE6-8FDD-ABA6CE0E8C58}
		{607D7AB5-8CEA-4A00-A9F0-90338965F4BE} = {7D20BB0E-905C-4369-B920-1EEDF7ABFC1F}
	EndGlobalSection
	GlobalSection(ExtensibilityGlobals) = postSolution
		SolutionGuid = {E1E4E72F-9424-4295-8698-3281907ABC61}
	EndGlobalSection
EndGlobal
